
Microsoft Visual Studio Solution File, Format Version 12.00
Project("{FAE04EC0-301F-11D3-BF4B-00C04F79EFBC}") = "BeautySuitePro.Api", "BeautySuitePro.Api\BeautySuitePro.Api.csproj", "{E7175D2C-4064-4796-8AC1-DAEDA4EB4A2C}"
EndProject
Global
	GlobalSection(SolutionConfigurationPlatforms) = preSolution
		Debug|Any CPU = Debug|Any CPU
		Release|Any CPU = Release|Any CPU
	EndGlobalSection
	GlobalSection(ProjectConfigurationPlatforms) = postSolution
		{E7175D2C-4064-4796-8AC1-DAEDA4EB4A2C}.Debug|Any CPU.ActiveCfg = Debug|Any CPU
		{E7175D2C-4064-4796-8AC1-DAEDA4EB4A2C}.Debug|Any CPU.Build.0 = Debug|Any CPU
		{E7175D2C-4064-4796-8AC1-DAEDA4EB4A2C}.Release|Any CPU.ActiveCfg = Release|Any CPU
		{E7175D2C-4064-4796-8AC1-DAEDA4EB4A2C}.Release|Any CPU.Build.0 = Release|Any CPU
	EndGlobalSection
EndGlobal
